// !$*UTF8*$!
{
	archiveVersion = 1;
	classes = {
	};
	objectVersion = 50;
	objects = {

/* Begin PBXBuildFile section */
		589BA37DF7CADBA039BA3E84 /* Pods_Test.framework in Frameworks */ = {isa = PBXBuildFile; fileRef = B208AAFED54275CB56494665 /* Pods_Test.framework */; };
		BBB789EAABDEDC1855F2A4D6 /* Pods_TestTests.framework in Frameworks */ = {isa = PBXBuildFile; fileRef = 6FEB49AA3735486D1A3E383E /* Pods_TestTests.framework */; };
		DF2621EB2211B300003E570F /* AppDelegate.swift in Sources */ = {isa = PBXBuildFile; fileRef = DF2621EA2211B300003E570F /* AppDelegate.swift */; };
		DF2621F02211B300003E570F /* Main.storyboard in Resources */ = {isa = PBXBuildFile; fileRef = DF2621EE2211B300003E570F /* Main.storyboard */; };
		DF2621F32211B300003E570F /* Test.xcdatamodeld in Sources */ = {isa = PBXBuildFile; fileRef = DF2621F12211B300003E570F /* Test.xcdatamodeld */; };
		DF2621F52211B301003E570F /* Assets.xcassets in Resources */ = {isa = PBXBuildFile; fileRef = DF2621F42211B301003E570F /* Assets.xcassets */; };
		DF2621F82211B301003E570F /* LaunchScreen.storyboard in Resources */ = {isa = PBXBuildFile; fileRef = DF2621F62211B301003E570F /* LaunchScreen.storyboard */; };
		DF2622032211B301003E570F /* TestTests.swift in Sources */ = {isa = PBXBuildFile; fileRef = DF2622022211B301003E570F /* TestTests.swift */; };
		DF2622152211B544003E570F /* MainViewController.swift in Sources */ = {isa = PBXBuildFile; fileRef = DF2622142211B544003E570F /* MainViewController.swift */; };
		DF2622172211B72C003E570F /* NetworkRequest.swift in Sources */ = {isa = PBXBuildFile; fileRef = DF2622162211B72C003E570F /* NetworkRequest.swift */; };
		DF2622192211BA9F003E570F /* ParkingLotResponse.swift in Sources */ = {isa = PBXBuildFile; fileRef = DF2622182211BA9F003E570F /* ParkingLotResponse.swift */; };
		DF26221C2211C743003E570F /* CoreDataManager.swift in Sources */ = {isa = PBXBuildFile; fileRef = DF26221B2211C743003E570F /* CoreDataManager.swift */; };
		DF26221E2211C9F3003E570F /* ParkingLotManager.swift in Sources */ = {isa = PBXBuildFile; fileRef = DF26221D2211C9F3003E570F /* ParkingLotManager.swift */; };
		DF26222122125EB4003E570F /* ConvertCoordinate.swift in Sources */ = {isa = PBXBuildFile; fileRef = DF26222022125EB4003E570F /* ConvertCoordinate.swift */; };
		DF26222322126095003E570F /* DetailViewController.swift in Sources */ = {isa = PBXBuildFile; fileRef = DF26222222126095003E570F /* DetailViewController.swift */; };
		DF26222822126A42003E570F /* ParkingLotTableViewCell.swift in Sources */ = {isa = PBXBuildFile; fileRef = DF26222622126A42003E570F /* ParkingLotTableViewCell.swift */; };
		DF26222922126A42003E570F /* ParkingLotTableViewCell.xib in Resources */ = {isa = PBXBuildFile; fileRef = DF26222722126A42003E570F /* ParkingLotTableViewCell.xib */; };
		DF26223022129861003E570F /* MapTableViewCell.swift in Sources */ = {isa = PBXBuildFile; fileRef = DF26222E22129861003E570F /* MapTableViewCell.swift */; };
		DF26223122129861003E570F /* MapTableViewCell.xib in Resources */ = {isa = PBXBuildFile; fileRef = DF26222F22129861003E570F /* MapTableViewCell.xib */; };
		DF2622342212AA97003E570F /* BaseTableViewCell.swift in Sources */ = {isa = PBXBuildFile; fileRef = DF2622322212AA97003E570F /* BaseTableViewCell.swift */; };
		DF2622352212AA97003E570F /* BaseTableViewCell.xib in Resources */ = {isa = PBXBuildFile; fileRef = DF2622332212AA97003E570F /* BaseTableViewCell.xib */; };
		DF2622372212ABF6003E570F /* TableCellConfigurator.swift in Sources */ = {isa = PBXBuildFile; fileRef = DF2622362212ABF6003E570F /* TableCellConfigurator.swift */; };
/* End PBXBuildFile section */

/* Begin PBXContainerItemProxy section */
		DF2621FF2211B301003E570F /* PBXContainerItemProxy */ = {
			isa = PBXContainerItemProxy;
			containerPortal = DF2621DF2211B300003E570F /* Project object */;
			proxyType = 1;
			remoteGlobalIDString = DF2621E62211B300003E570F;
			remoteInfo = Test;
		};
/* End PBXContainerItemProxy section */

/* Begin PBXFileReference section */
		12955B82A78E2F03C74F19F3 /* Pods-TestTests.release.xcconfig */ = {isa = PBXFileReference; includeInIndex = 1; lastKnownFileType = text.xcconfig; name = "Pods-TestTests.release.xcconfig"; path = "Pods/Target Support Files/Pods-TestTests/Pods-TestTests.release.xcconfig"; sourceTree = "<group>"; };
		1457D88B58CD3B4FEC63B397 /* Pods-TestTests.debug.xcconfig */ = {isa = PBXFileReference; includeInIndex = 1; lastKnownFileType = text.xcconfig; name = "Pods-TestTests.debug.xcconfig"; path = "Pods/Target Support Files/Pods-TestTests/Pods-TestTests.debug.xcconfig"; sourceTree = "<group>"; };
		6FEB49AA3735486D1A3E383E /* Pods_TestTests.framework */ = {isa = PBXFileReference; explicitFileType = wrapper.framework; includeInIndex = 0; path = Pods_TestTests.framework; sourceTree = BUILT_PRODUCTS_DIR; };
		8B3F51854974D780619AAA6E /* Pods-Test.debug.xcconfig */ = {isa = PBXFileReference; includeInIndex = 1; lastKnownFileType = text.xcconfig; name = "Pods-Test.debug.xcconfig"; path = "Pods/Target Support Files/Pods-Test/Pods-Test.debug.xcconfig"; sourceTree = "<group>"; };
		9D3F663B7E1A35F570755649 /* Pods-Test.release.xcconfig */ = {isa = PBXFileReference; includeInIndex = 1; lastKnownFileType = text.xcconfig; name = "Pods-Test.release.xcconfig"; path = "Pods/Target Support Files/Pods-Test/Pods-Test.release.xcconfig"; sourceTree = "<group>"; };
		B208AAFED54275CB56494665 /* Pods_Test.framework */ = {isa = PBXFileReference; explicitFileType = wrapper.framework; includeInIndex = 0; path = Pods_Test.framework; sourceTree = BUILT_PRODUCTS_DIR; };
		DF2621E72211B300003E570F /* Test.app */ = {isa = PBXFileReference; explicitFileType = wrapper.application; includeInIndex = 0; path = Test.app; sourceTree = BUILT_PRODUCTS_DIR; };
		DF2621EA2211B300003E570F /* AppDelegate.swift */ = {isa = PBXFileReference; lastKnownFileType = sourcecode.swift; path = AppDelegate.swift; sourceTree = "<group>"; };
		DF2621EF2211B300003E570F /* Base */ = {isa = PBXFileReference; lastKnownFileType = file.storyboard; name = Base; path = Base.lproj/Main.storyboard; sourceTree = "<group>"; };
		DF2621F22211B300003E570F /* Test.xcdatamodel */ = {isa = PBXFileReference; lastKnownFileType = wrapper.xcdatamodel; path = Test.xcdatamodel; sourceTree = "<group>"; };
		DF2621F42211B301003E570F /* Assets.xcassets */ = {isa = PBXFileReference; lastKnownFileType = folder.assetcatalog; path = Assets.xcassets; sourceTree = "<group>"; };
		DF2621F72211B301003E570F /* Base */ = {isa = PBXFileReference; lastKnownFileType = file.storyboard; name = Base; path = Base.lproj/LaunchScreen.storyboard; sourceTree = "<group>"; };
		DF2621F92211B301003E570F /* Info.plist */ = {isa = PBXFileReference; lastKnownFileType = text.plist.xml; path = Info.plist; sourceTree = "<group>"; };
		DF2621FE2211B301003E570F /* TestTests.xctest */ = {isa = PBXFileReference; explicitFileType = wrapper.cfbundle; includeInIndex = 0; path = TestTests.xctest; sourceTree = BUILT_PRODUCTS_DIR; };
		DF2622022211B301003E570F /* TestTests.swift */ = {isa = PBXFileReference; lastKnownFileType = sourcecode.swift; path = TestTests.swift; sourceTree = "<group>"; };
		DF2622042211B301003E570F /* Info.plist */ = {isa = PBXFileReference; lastKnownFileType = text.plist.xml; path = Info.plist; sourceTree = "<group>"; };
		DF2622142211B544003E570F /* MainViewController.swift */ = {isa = PBXFileReference; lastKnownFileType = sourcecode.swift; path = MainViewController.swift; sourceTree = "<group>"; };
		DF2622162211B72C003E570F /* NetworkRequest.swift */ = {isa = PBXFileReference; lastKnownFileType = sourcecode.swift; path = NetworkRequest.swift; sourceTree = "<group>"; };
		DF2622182211BA9F003E570F /* ParkingLotResponse.swift */ = {isa = PBXFileReference; lastKnownFileType = sourcecode.swift; path = ParkingLotResponse.swift; sourceTree = "<group>"; };
		DF26221B2211C743003E570F /* CoreDataManager.swift */ = {isa = PBXFileReference; lastKnownFileType = sourcecode.swift; path = CoreDataManager.swift; sourceTree = "<group>"; };
		DF26221D2211C9F3003E570F /* ParkingLotManager.swift */ = {isa = PBXFileReference; lastKnownFileType = sourcecode.swift; path = ParkingLotManager.swift; sourceTree = "<group>"; };
		DF26222022125EB4003E570F /* ConvertCoordinate.swift */ = {isa = PBXFileReference; fileEncoding = 4; lastKnownFileType = sourcecode.swift; path = ConvertCoordinate.swift; sourceTree = "<group>"; };
		DF26222222126095003E570F /* DetailViewController.swift */ = {isa = PBXFileReference; lastKnownFileType = sourcecode.swift; path = DetailViewController.swift; sourceTree = "<group>"; };
		DF26222622126A42003E570F /* ParkingLotTableViewCell.swift */ = {isa = PBXFileReference; lastKnownFileType = sourcecode.swift; path = ParkingLotTableViewCell.swift; sourceTree = "<group>"; };
		DF26222722126A42003E570F /* ParkingLotTableViewCell.xib */ = {isa = PBXFileReference; lastKnownFileType = file.xib; path = ParkingLotTableViewCell.xib; sourceTree = "<group>"; };
		DF26222E22129861003E570F /* MapTableViewCell.swift */ = {isa = PBXFileReference; lastKnownFileType = sourcecode.swift; path = MapTableViewCell.swift; sourceTree = "<group>"; };
		DF26222F22129861003E570F /* MapTableViewCell.xib */ = {isa = PBXFileReference; lastKnownFileType = file.xib; path = MapTableViewCell.xib; sourceTree = "<group>"; };
		DF2622322212AA97003E570F /* BaseTableViewCell.swift */ = {isa = PBXFileReference; lastKnownFileType = sourcecode.swift; path = BaseTableViewCell.swift; sourceTree = "<group>"; };
		DF2622332212AA97003E570F /* BaseTableViewCell.xib */ = {isa = PBXFileReference; lastKnownFileType = file.xib; path = BaseTableViewCell.xib; sourceTree = "<group>"; };
		DF2622362212ABF6003E570F /* TableCellConfigurator.swift */ = {isa = PBXFileReference; lastKnownFileType = sourcecode.swift; path = TableCellConfigurator.swift; sourceTree = "<group>"; };
/* End PBXFileReference section */

/* Begin PBXFrameworksBuildPhase section */
		DF2621E42211B300003E570F /* Frameworks */ = {
			isa = PBXFrameworksBuildPhase;
			buildActionMask = 2147483647;
			files = (
				589BA37DF7CADBA039BA3E84 /* Pods_Test.framework in Frameworks */,
			);
			runOnlyForDeploymentPostprocessing = 0;
		};
		DF2621FB2211B301003E570F /* Frameworks */ = {
			isa = PBXFrameworksBuildPhase;
			buildActionMask = 2147483647;
			files = (
				BBB789EAABDEDC1855F2A4D6 /* Pods_TestTests.framework in Frameworks */,
			);
			runOnlyForDeploymentPostprocessing = 0;
		};
/* End PBXFrameworksBuildPhase section */

/* Begin PBXGroup section */
		42501D8E95B680B30979808C /* Frameworks */ = {
			isa = PBXGroup;
			children = (
				B208AAFED54275CB56494665 /* Pods_Test.framework */,
				6FEB49AA3735486D1A3E383E /* Pods_TestTests.framework */,
			);
			name = Frameworks;
			sourceTree = "<group>";
		};
		CE3555466168FAA7663234D5 /* Pods */ = {
			isa = PBXGroup;
			children = (
				8B3F51854974D780619AAA6E /* Pods-Test.debug.xcconfig */,
				9D3F663B7E1A35F570755649 /* Pods-Test.release.xcconfig */,
				1457D88B58CD3B4FEC63B397 /* Pods-TestTests.debug.xcconfig */,
				12955B82A78E2F03C74F19F3 /* Pods-TestTests.release.xcconfig */,
			);
			name = Pods;
			sourceTree = "<group>";
		};
		DF2621DE2211B300003E570F = {
			isa = PBXGroup;
			children = (
				DF2621E92211B300003E570F /* Test */,
				DF2622012211B301003E570F /* TestTests */,
				DF2621E82211B300003E570F /* Products */,
				CE3555466168FAA7663234D5 /* Pods */,
				42501D8E95B680B30979808C /* Frameworks */,
			);
			sourceTree = "<group>";
		};
		DF2621E82211B300003E570F /* Products */ = {
			isa = PBXGroup;
			children = (
				DF2621E72211B300003E570F /* Test.app */,
				DF2621FE2211B301003E570F /* TestTests.xctest */,
			);
			name = Products;
			sourceTree = "<group>";
		};
		DF2621E92211B300003E570F /* Test */ = {
			isa = PBXGroup;
			children = (
				DF26221A2211C3AB003E570F /* CoreData */,
				DF2622132211B33E003E570F /* Storyboard */,
				DF2622122211B32A003E570F /* Unity */,
				DF2622112211B324003E570F /* Extension */,
				DF2622102211B320003E570F /* Model */,
				DF26220F2211B31A003E570F /* Network */,
				DF26220E2211B316003E570F /* View */,
				DF26220D2211B310003E570F /* ViewController */,
				DF2621EA2211B300003E570F /* AppDelegate.swift */,
				DF2621F42211B301003E570F /* Assets.xcassets */,
				DF2621F62211B301003E570F /* LaunchScreen.storyboard */,
				DF2621F92211B301003E570F /* Info.plist */,
				DF2621F12211B300003E570F /* Test.xcdatamodeld */,
			);
			path = Test;
			sourceTree = "<group>";
		};
		DF2622012211B301003E570F /* TestTests */ = {
			isa = PBXGroup;
			children = (
				DF2622022211B301003E570F /* TestTests.swift */,
				DF2622042211B301003E570F /* Info.plist */,
			);
			path = TestTests;
			sourceTree = "<group>";
		};
		DF26220D2211B310003E570F /* ViewController */ = {
			isa = PBXGroup;
			children = (
				DF2622142211B544003E570F /* MainViewController.swift */,
				DF26222222126095003E570F /* DetailViewController.swift */,
			);
			path = ViewController;
			sourceTree = "<group>";
		};
		DF26220E2211B316003E570F /* View */ = {
			isa = PBXGroup;
			children = (
				DF26222622126A42003E570F /* ParkingLotTableViewCell.swift */,
				DF26222722126A42003E570F /* ParkingLotTableViewCell.xib */,
				DF26222E22129861003E570F /* MapTableViewCell.swift */,
				DF26222F22129861003E570F /* MapTableViewCell.xib */,
				DF2622322212AA97003E570F /* BaseTableViewCell.swift */,
				DF2622332212AA97003E570F /* BaseTableViewCell.xib */,
				DF2622362212ABF6003E570F /* TableCellConfigurator.swift */,
			);
			path = View;
			sourceTree = "<group>";
		};
		DF26220F2211B31A003E570F /* Network */ = {
			isa = PBXGroup;
			children = (
				DF2622162211B72C003E570F /* NetworkRequest.swift */,
				DF2622182211BA9F003E570F /* ParkingLotResponse.swift */,
			);
			path = Network;
			sourceTree = "<group>";
		};
		DF2622102211B320003E570F /* Model */ = {
			isa = PBXGroup;
			children = (
				DF26222022125EB4003E570F /* ConvertCoordinate.swift */,
			);
			path = Model;
			sourceTree = "<group>";
		};
		DF2622112211B324003E570F /* Extension */ = {
			isa = PBXGroup;
			children = (
			);
			path = Extension;
			sourceTree = "<group>";
		};
		DF2622122211B32A003E570F /* Unity */ = {
			isa = PBXGroup;
			children = (
			);
			path = Unity;
			sourceTree = "<group>";
		};
		DF2622132211B33E003E570F /* Storyboard */ = {
			isa = PBXGroup;
			children = (
				DF2621EE2211B300003E570F /* Main.storyboard */,
			);
			path = Storyboard;
			sourceTree = "<group>";
		};
		DF26221A2211C3AB003E570F /* CoreData */ = {
			isa = PBXGroup;
			children = (
				DF26221B2211C743003E570F /* CoreDataManager.swift */,
				DF26221D2211C9F3003E570F /* ParkingLotManager.swift */,
			);
			path = CoreData;
			sourceTree = "<group>";
		};
/* End PBXGroup section */

/* Begin PBXNativeTarget section */
		DF2621E62211B300003E570F /* Test */ = {
			isa = PBXNativeTarget;
			buildConfigurationList = DF2622072211B301003E570F /* Build configuration list for PBXNativeTarget "Test" */;
			buildPhases = (
				ADAF7EDD126A6E46E5D411B0 /* [CP] Check Pods Manifest.lock */,
				DF26222522126728003E570F /* SwiftLint */,
				DF2621E32211B300003E570F /* Sources */,
				DF2621E42211B300003E570F /* Frameworks */,
				DF2621E52211B300003E570F /* Resources */,
			);
			buildRules = (
			);
			dependencies = (
			);
			name = Test;
			productName = Test;
			productReference = DF2621E72211B300003E570F /* Test.app */;
			productType = "com.apple.product-type.application";
		};
		DF2621FD2211B301003E570F /* TestTests */ = {
			isa = PBXNativeTarget;
			buildConfigurationList = DF26220A2211B301003E570F /* Build configuration list for PBXNativeTarget "TestTests" */;
			buildPhases = (
				E511BB18AD067E52631DDDEA /* [CP] Check Pods Manifest.lock */,
				DF2621FA2211B301003E570F /* Sources */,
				DF2621FB2211B301003E570F /* Frameworks */,
				DF2621FC2211B301003E570F /* Resources */,
			);
			buildRules = (
			);
			dependencies = (
				DF2622002211B301003E570F /* PBXTargetDependency */,
			);
			name = TestTests;
			productName = TestTests;
			productReference = DF2621FE2211B301003E570F /* TestTests.xctest */;
			productType = "com.apple.product-type.bundle.unit-test";
		};
/* End PBXNativeTarget section */

/* Begin PBXProject section */
		DF2621DF2211B300003E570F /* Project object */ = {
			isa = PBXProject;
			attributes = {
				LastSwiftUpdateCheck = 1010;
				LastUpgradeCheck = 1010;
				ORGANIZATIONNAME = RickyWeng;
				TargetAttributes = {
					DF2621E62211B300003E570F = {
						CreatedOnToolsVersion = 10.1;
					};
					DF2621FD2211B301003E570F = {
						CreatedOnToolsVersion = 10.1;
						TestTargetID = DF2621E62211B300003E570F;
					};
				};
			};
			buildConfigurationList = DF2621E22211B300003E570F /* Build configuration list for PBXProject "Test" */;
			compatibilityVersion = "Xcode 9.3";
			developmentRegion = en;
			hasScannedForEncodings = 0;
			knownRegions = (
				en,
				Base,
			);
			mainGroup = DF2621DE2211B300003E570F;
			productRefGroup = DF2621E82211B300003E570F /* Products */;
			projectDirPath = "";
			projectRoot = "";
			targets = (
				DF2621E62211B300003E570F /* Test */,
				DF2621FD2211B301003E570F /* TestTests */,
			);
		};
/* End PBXProject section */

/* Begin PBXResourcesBuildPhase section */
		DF2621E52211B300003E570F /* Resources */ = {
			isa = PBXResourcesBuildPhase;
			buildActionMask = 2147483647;
			files = (
				DF2622352212AA97003E570F /* BaseTableViewCell.xib in Resources */,
				DF2621F82211B301003E570F /* LaunchScreen.storyboard in Resources */,
				DF2621F52211B301003E570F /* Assets.xcassets in Resources */,
				DF26222922126A42003E570F /* ParkingLotTableViewCell.xib in Resources */,
				DF26223122129861003E570F /* MapTableViewCell.xib in Resources */,
				DF2621F02211B300003E570F /* Main.storyboard in Resources */,
			);
			runOnlyForDeploymentPostprocessing = 0;
		};
		DF2621FC2211B301003E570F /* Resources */ = {
			isa = PBXResourcesBuildPhase;
			buildActionMask = 2147483647;
			files = (
			);
			runOnlyForDeploymentPostprocessing = 0;
		};
/* End PBXResourcesBuildPhase section */

/* Begin PBXShellScriptBuildPhase section */
		ADAF7EDD126A6E46E5D411B0 /* [CP] Check Pods Manifest.lock */ = {
			isa = PBXShellScriptBuildPhase;
			buildActionMask = 2147483647;
			files = (
			);
			inputFileListPaths = (
			);
			inputPaths = (
				"${PODS_PODFILE_DIR_PATH}/Podfile.lock",
				"${PODS_ROOT}/Manifest.lock",
			);
			name = "[CP] Check Pods Manifest.lock";
			outputFileListPaths = (
			);
			outputPaths = (
				"$(DERIVED_FILE_DIR)/Pods-Test-checkManifestLockResult.txt",
			);
			runOnlyForDeploymentPostprocessing = 0;
			shellPath = /bin/sh;
			shellScript = "diff \"${PODS_PODFILE_DIR_PATH}/Podfile.lock\" \"${PODS_ROOT}/Manifest.lock\" > /dev/null\nif [ $? != 0 ] ; then\n    # print error to STDERR\n    echo \"error: The sandbox is not in sync with the Podfile.lock. Run 'pod install' or update your CocoaPods installation.\" >&2\n    exit 1\nfi\n# This output is used by Xcode 'outputs' to avoid re-running this script phase.\necho \"SUCCESS\" > \"${SCRIPT_OUTPUT_FILE_0}\"\n";
			showEnvVarsInLog = 0;
		};
		DF26222522126728003E570F /* SwiftLint */ = {
			isa = PBXShellScriptBuildPhase;
			buildActionMask = 2147483647;
			files = (
			);
			inputFileListPaths = (
			);
			inputPaths = (
			);
			name = SwiftLint;
			outputFileListPaths = (
			);
			outputPaths = (
			);
			runOnlyForDeploymentPostprocessing = 0;
			shellPath = /bin/sh;
			shellScript = "if which swiftlint >/dev/null; then\nswiftlint\nelse\necho \"warning: SwiftLint not installed, download from https://github.com/realm/SwiftLint\"\nfi\n${PODS_ROOT}/SwiftLint/swiftlint\n";
		};
		E511BB18AD067E52631DDDEA /* [CP] Check Pods Manifest.lock */ = {
			isa = PBXShellScriptBuildPhase;
			buildActionMask = 2147483647;
			files = (
			);
			inputFileListPaths = (
			);
			inputPaths = (
				"${PODS_PODFILE_DIR_PATH}/Podfile.lock",
				"${PODS_ROOT}/Manifest.lock",
			);
			name = "[CP] Check Pods Manifest.lock";
			outputFileListPaths = (
			);
			outputPaths = (
				"$(DERIVED_FILE_DIR)/Pods-TestTests-checkManifestLockResult.txt",
			);
			runOnlyForDeploymentPostprocessing = 0;
			shellPath = /bin/sh;
			shellScript = "diff \"${PODS_PODFILE_DIR_PATH}/Podfile.lock\" \"${PODS_ROOT}/Manifest.lock\" > /dev/null\nif [ $? != 0 ] ; then\n    # print error to STDERR\n    echo \"error: The sandbox is not in sync with the Podfile.lock. Run 'pod install' or update your CocoaPods installation.\" >&2\n    exit 1\nfi\n# This output is used by Xcode 'outputs' to avoid re-running this script phase.\necho \"SUCCESS\" > \"${SCRIPT_OUTPUT_FILE_0}\"\n";
			showEnvVarsInLog = 0;
		};
/* End PBXShellScriptBuildPhase section */

/* Begin PBXSourcesBuildPhase section */
		DF2621E32211B300003E570F /* Sources */ = {
			isa = PBXSourcesBuildPhase;
			buildActionMask = 2147483647;
			files = (
				DF26222322126095003E570F /* DetailViewController.swift in Sources */,
				DF26221C2211C743003E570F /* CoreDataManager.swift in Sources */,
				DF2622372212ABF6003E570F /* TableCellConfigurator.swift in Sources */,
				DF26223022129861003E570F /* MapTableViewCell.swift in Sources */,
				DF2622152211B544003E570F /* MainViewController.swift in Sources */,
				DF2621EB2211B300003E570F /* AppDelegate.swift in Sources */,
				DF26222122125EB4003E570F /* ConvertCoordinate.swift in Sources */,
				DF2622192211BA9F003E570F /* ParkingLotResponse.swift in Sources */,
				DF26222822126A42003E570F /* ParkingLotTableViewCell.swift in Sources */,
				DF2622172211B72C003E570F /* NetworkRequest.swift in Sources */,
				DF26221E2211C9F3003E570F /* ParkingLotManager.swift in Sources */,
				DF2622342212AA97003E570F /* BaseTableViewCell.swift in Sources */,
				DF2621F32211B300003E570F /* Test.xcdatamodeld in Sources */,
			);
			runOnlyForDeploymentPostprocessing = 0;
		};
		DF2621FA2211B301003E570F /* Sources */ = {
			isa = PBXSourcesBuildPhase;
			buildActionMask = 2147483647;
			files = (
				DF2622032211B301003E570F /* TestTests.swift in Sources */,
			);
			runOnlyForDeploymentPostprocessing = 0;
		};
/* End PBXSourcesBuildPhase section */

/* Begin PBXTargetDependency section */
		DF2622002211B301003E570F /* PBXTargetDependency */ = {
			isa = PBXTargetDependency;
			target = DF2621E62211B300003E570F /* Test */;
			targetProxy = DF2621FF2211B301003E570F /* PBXContainerItemProxy */;
		};
/* End PBXTargetDependency section */

/* Begin PBXVariantGroup section */
		DF2621EE2211B300003E570F /* Main.storyboard */ = {
			isa = PBXVariantGroup;
			children = (
				DF2621EF2211B300003E570F /* Base */,
			);
			name = Main.storyboard;
			sourceTree = "<group>";
		};
		DF2621F62211B301003E570F /* LaunchScreen.storyboard */ = {
			isa = PBXVariantGroup;
			children = (
				DF2621F72211B301003E570F /* Base */,
			);
			name = LaunchScreen.storyboard;
			sourceTree = "<group>";
		};
/* End PBXVariantGroup section */

/* Begin XCBuildConfiguration section */
		DF2622052211B301003E570F /* Debug */ = {
			isa = XCBuildConfiguration;
			buildSettings = {
				ALWAYS_SEARCH_USER_PATHS = NO;
				CLANG_ANALYZER_NONNULL = YES;
				CLANG_ANALYZER_NUMBER_OBJECT_CONVERSION = YES_AGGRESSIVE;
				CLANG_CXX_LANGUAGE_STANDARD = "gnu++14";
				CLANG_CXX_LIBRARY = "libc++";
				CLANG_ENABLE_MODULES = YES;
				CLANG_ENABLE_OBJC_ARC = YES;
				CLANG_ENABLE_OBJC_WEAK = YES;
				CLANG_WARN_BLOCK_CAPTURE_AUTORELEASING = YES;
				CLANG_WARN_BOOL_CONVERSION = YES;
				CLANG_WARN_COMMA = YES;
				CLANG_WARN_CONSTANT_CONVERSION = YES;
				CLANG_WARN_DEPRECATED_OBJC_IMPLEMENTATIONS = YES;
				CLANG_WARN_DIRECT_OBJC_ISA_USAGE = YES_ERROR;
				CLANG_WARN_DOCUMENTATION_COMMENTS = YES;
				CLANG_WARN_EMPTY_BODY = YES;
				CLANG_WARN_ENUM_CONVERSION = YES;
				CLANG_WARN_INFINITE_RECURSION = YES;
				CLANG_WARN_INT_CONVERSION = YES;
				CLANG_WARN_NON_LITERAL_NULL_CONVERSION = YES;
				CLANG_WARN_OBJC_IMPLICIT_RETAIN_SELF = YES;
				CLANG_WARN_OBJC_LITERAL_CONVERSION = YES;
				CLANG_WARN_OBJC_ROOT_CLASS = YES_ERROR;
				CLANG_WARN_RANGE_LOOP_ANALYSIS = YES;
				CLANG_WARN_STRICT_PROTOTYPES = YES;
				CLANG_WARN_SUSPICIOUS_MOVE = YES;
				CLANG_WARN_UNGUARDED_AVAILABILITY = YES_AGGRESSIVE;
				CLANG_WARN_UNREACHABLE_CODE = YES;
				CLANG_WARN__DUPLICATE_METHOD_MATCH = YES;
				CODE_SIGN_IDENTITY = "iPhone Developer";
				COPY_PHASE_STRIP = NO;
				DEBUG_INFORMATION_FORMAT = dwarf;
				ENABLE_STRICT_OBJC_MSGSEND = YES;
				ENABLE_TESTABILITY = YES;
				GCC_C_LANGUAGE_STANDARD = gnu11;
				GCC_DYNAMIC_NO_PIC = NO;
				GCC_NO_COMMON_BLOCKS = YES;
				GCC_OPTIMIZATION_LEVEL = 0;
				GCC_PREPROCESSOR_DEFINITIONS = (
					"DEBUG=1",
					"$(inherited)",
				);
				GCC_WARN_64_TO_32_BIT_CONVERSION = YES;
				GCC_WARN_ABOUT_RETURN_TYPE = YES_ERROR;
				GCC_WARN_UNDECLARED_SELECTOR = YES;
				GCC_WARN_UNINITIALIZED_AUTOS = YES_AGGRESSIVE;
				GCC_WARN_UNUSED_FUNCTION = YES;
				GCC_WARN_UNUSED_VARIABLE = YES;
				IPHONEOS_DEPLOYMENT_TARGET = 12.1;
				MTL_ENABLE_DEBUG_INFO = INCLUDE_SOURCE;
				MTL_FAST_MATH = YES;
				ONLY_ACTIVE_ARCH = YES;
				SDKROOT = iphoneos;
				SWIFT_ACTIVE_COMPILATION_CONDITIONS = DEBUG;
				SWIFT_OPTIMIZATION_LEVEL = "-Onone";
			};
			name = Debug;
		};
		DF2622062211B301003E570F /* Release */ = {
			isa = XCBuildConfiguration;
			buildSettings = {
				ALWAYS_SEARCH_USER_PATHS = NO;
				CLANG_ANALYZER_NONNULL = YES;
				CLANG_ANALYZER_NUMBER_OBJECT_CONVERSION = YES_AGGRESSIVE;
				CLANG_CXX_LANGUAGE_STANDARD = "gnu++14";
				CLANG_CXX_LIBRARY = "libc++";
				CLANG_ENABLE_MODULES = YES;
				CLANG_ENABLE_OBJC_ARC = YES;
				CLANG_ENABLE_OBJC_WEAK = YES;
				CLANG_WARN_BLOCK_CAPTURE_AUTORELEASING = YES;
				CLANG_WARN_BOOL_CONVERSION = YES;
				CLANG_WARN_COMMA = YES;
				CLANG_WARN_CONSTANT_CONVERSION = YES;
				CLANG_WARN_DEPRECATED_OBJC_IMPLEMENTATIONS = YES;
				CLANG_WARN_DIRECT_OBJC_ISA_USAGE = YES_ERROR;
				CLANG_WARN_DOCUMENTATION_COMMENTS = YES;
				CLANG_WARN_EMPTY_BODY = YES;
				CLANG_WARN_ENUM_CONVERSION = YES;
				CLANG_WARN_INFINITE_RECURSION = YES;
				CLANG_WARN_INT_CONVERSION = YES;
				CLANG_WARN_NON_LITERAL_NULL_CONVERSION = YES;
				CLANG_WARN_OBJC_IMPLICIT_RETAIN_SELF = YES;
				CLANG_WARN_OBJC_LITERAL_CONVERSION = YES;
				CLANG_WARN_OBJC_ROOT_CLASS = YES_ERROR;
				CLANG_WARN_RANGE_LOOP_ANALYSIS = YES;
				CLANG_WARN_STRICT_PROTOTYPES = YES;
				CLANG_WARN_SUSPICIOUS_MOVE = YES;
				CLANG_WARN_UNGUARDED_AVAILABILITY = YES_AGGRESSIVE;
				CLANG_WARN_UNREACHABLE_CODE = YES;
				CLANG_WARN__DUPLICATE_METHOD_MATCH = YES;
				CODE_SIGN_IDENTITY = "iPhone Developer";
				COPY_PHASE_STRIP = NO;
				DEBUG_INFORMATION_FORMAT = "dwarf-with-dsym";
				ENABLE_NS_ASSERTIONS = NO;
				ENABLE_STRICT_OBJC_MSGSEND = YES;
				GCC_C_LANGUAGE_STANDARD = gnu11;
				GCC_NO_COMMON_BLOCKS = YES;
				GCC_WARN_64_TO_32_BIT_CONVERSION = YES;
				GCC_WARN_ABOUT_RETURN_TYPE = YES_ERROR;
				GCC_WARN_UNDECLARED_SELECTOR = YES;
				GCC_WARN_UNINITIALIZED_AUTOS = YES_AGGRESSIVE;
				GCC_WARN_UNUSED_FUNCTION = YES;
				GCC_WARN_UNUSED_VARIABLE = YES;
				IPHONEOS_DEPLOYMENT_TARGET = 12.1;
				MTL_ENABLE_DEBUG_INFO = NO;
				MTL_FAST_MATH = YES;
				SDKROOT = iphoneos;
				SWIFT_COMPILATION_MODE = wholemodule;
				SWIFT_OPTIMIZATION_LEVEL = "-O";
				VALIDATE_PRODUCT = YES;
			};
			name = Release;
		};
		DF2622082211B301003E570F /* Debug */ = {
			isa = XCBuildConfiguration;
			baseConfigurationReference = 8B3F51854974D780619AAA6E /* Pods-Test.debug.xcconfig */;
			buildSettings = {
				ASSETCATALOG_COMPILER_APPICON_NAME = AppIcon;
				CODE_SIGN_STYLE = Automatic;
				DEVELOPMENT_TEAM = 6947P92G97;
				INFOPLIST_FILE = Test/Info.plist;
				LD_RUNPATH_SEARCH_PATHS = (
					"$(inherited)",
					"@executable_path/Frameworks",
				);
				PRODUCT_BUNDLE_IDENTIFIER = MicroProgram.Test;
				PRODUCT_NAME = "$(TARGET_NAME)";
				SWIFT_VERSION = 4.2;
				TARGETED_DEVICE_FAMILY = "1,2";
			};
			name = Debug;
		};
		DF2622092211B301003E570F /* Release */ = {
			isa = XCBuildConfiguration;
			baseConfigurationReference = 9D3F663B7E1A35F570755649 /* Pods-Test.release.xcconfig */;
			buildSettings = {
				ASSETCATALOG_COMPILER_APPICON_NAME = AppIcon;
				CODE_SIGN_STYLE = Automatic;
				DEVELOPMENT_TEAM = 6947P92G97;
				INFOPLIST_FILE = Test/Info.plist;
				LD_RUNPATH_SEARCH_PATHS = (
					"$(inherited)",
					"@executable_path/Frameworks",
				);
				PRODUCT_BUNDLE_IDENTIFIER = MicroProgram.Test;
				PRODUCT_NAME = "$(TARGET_NAME)";
				SWIFT_VERSION = 4.2;
				TARGETED_DEVICE_FAMILY = "1,2";
			};
			name = Release;
		};
		DF26220B2211B301003E570F /* Debug */ = {
			isa = XCBuildConfiguration;
			baseConfigurationReference = 1457D88B58CD3B4FEC63B397 /* Pods-TestTests.debug.xcconfig */;
			buildSettings = {
				ALWAYS_EMBED_SWIFT_STANDARD_LIBRARIES = YES;
				BUNDLE_LOADER = "$(TEST_HOST)";
				CODE_SIGN_STYLE = Automatic;
				DEVELOPMENT_TEAM = 6947P92G97;
				INFOPLIST_FILE = TestTests/Info.plist;
				LD_RUNPATH_SEARCH_PATHS = (
					"$(inherited)",
					"@executable_path/Frameworks",
					"@loader_path/Frameworks",
				);
				PRODUCT_BUNDLE_IDENTIFIER = MicroProgram.TestTests;
				PRODUCT_NAME = "$(TARGET_NAME)";
				SWIFT_VERSION = 4.2;
				TARGETED_DEVICE_FAMILY = "1,2";
				TEST_HOST = "$(BUILT_PRODUCTS_DIR)/Test.app/Test";
			};
			name = Debug;
		};
		DF26220C2211B301003E570F /* Release */ = {
			isa = XCBuildConfiguration;
			baseConfigurationReference = 12955B82A78E2F03C74F19F3 /* Pods-TestTests.release.xcconfig */;
			buildSettings = {
				ALWAYS_EMBED_SWIFT_STANDARD_LIBRARIES = YES;
				BUNDLE_LOADER = "$(TEST_HOST)";
				CODE_SIGN_STYLE = Automatic;
				DEVELOPMENT_TEAM = 6947P92G97;
				INFOPLIST_FILE = TestTests/Info.plist;
				LD_RUNPATH_SEARCH_PATHS = (
					"$(inherited)",
					"@executable_path/Frameworks",
					"@loader_path/Frameworks",
				);
				PRODUCT_BUNDLE_IDENTIFIER = MicroProgram.TestTests;
				PRODUCT_NAME = "$(TARGET_NAME)";
				SWIFT_VERSION = 4.2;
				TARGETED_DEVICE_FAMILY = "1,2";
				TEST_HOST = "$(BUILT_PRODUCTS_DIR)/Test.app/Test";
			};
			name = Release;
		};
/* End XCBuildConfiguration section */

/* Begin XCConfigurationList section */
		DF2621E22211B300003E570F /* Build configuration list for PBXProject "Test" */ = {
			isa = XCConfigurationList;
			buildConfigurations = (
				DF2622052211B301003E570F /* Debug */,
				DF2622062211B301003E570F /* Release */,
			);
			defaultConfigurationIsVisible = 0;
			defaultConfigurationName = Release;
		};
		DF2622072211B301003E570F /* Build configuration list for PBXNativeTarget "Test" */ = {
			isa = XCConfigurationList;
			buildConfigurations = (
				DF2622082211B301003E570F /* Debug */,
				DF2622092211B301003E570F /* Release */,
			);
			defaultConfigurationIsVisible = 0;
			defaultConfigurationName = Release;
		};
		DF26220A2211B301003E570F /* Build configuration list for PBXNativeTarget "TestTests" */ = {
			isa = XCConfigurationList;
			buildConfigurations = (
				DF26220B2211B301003E570F /* Debug */,
				DF26220C2211B301003E570F /* Release */,
			);
			defaultConfigurationIsVisible = 0;
			defaultConfigurationName = Release;
		};
/* End XCConfigurationList section */

/* Begin XCVersionGroup section */
		DF2621F12211B300003E570F /* Test.xcdatamodeld */ = {
			isa = XCVersionGroup;
			children = (
				DF2621F22211B300003E570F /* Test.xcdatamodel */,
			);
			currentVersion = DF2621F22211B300003E570F /* Test.xcdatamodel */;
			path = Test.xcdatamodeld;
			sourceTree = "<group>";
			versionGroupType = wrapper.xcdatamodel;
		};
/* End XCVersionGroup section */
	};
	rootObject = DF2621DF2211B300003E570F /* Project object */;
}
